
Microsoft Visual Studio Solution File, Format Version 12.00
# Visual Studio Version 17
VisualStudioVersion = 17.4.33403.182
MinimumVisualStudioVersion = 10.0.40219.1
Project("{9A19103F-16F7-4668-BE54-9A1E7A4F7556}") = "SayıBulmaOyunu", "deneme\SayıBulmaOyunu.csproj", "{5E54EA35-7153-443E-AB08-FA091B61FAA4}"
EndProject
Project("{FAE04EC0-301F-11D3-BF4B-00C04F79EFBC}") = "ZarOyunu", "ZarOyunu\ZarOyunu.csproj", "{8A41A2F4-52F7-41F6-9970-94514734F119}"
EndProject
Project("{FAE04EC0-301F-11D3-BF4B-00C04F79EFBC}") = "SayıOkuma", "SayıOkuma\SayıOkuma.csproj", "{32969179-5D2F-4FC8-9212-23425BBD00F0}"
EndProject
Global
	GlobalSection(SolutionConfigurationPlatforms) = preSolution
		Debug|Any CPU = Debug|Any CPU
		Release|Any CPU = Release|Any CPU
	EndGlobalSection
	GlobalSection(ProjectConfigurationPlatforms) = postSolution
		{5E54EA35-7153-443E-AB08-FA091B61FAA4}.Debug|Any CPU.ActiveCfg = Debug|Any CPU
		{5E54EA35-7153-443E-AB08-FA091B61FAA4}.Debug|Any CPU.Build.0 = Debug|Any CPU
		{5E54EA35-7153-443E-AB08-FA091B61FAA4}.Release|Any CPU.ActiveCfg = Release|Any CPU
		{5E54EA35-7153-443E-AB08-FA091B61FAA4}.Release|Any CPU.Build.0 = Release|Any CPU
		{8A41A2F4-52F7-41F6-9970-94514734F119}.Debug|Any CPU.ActiveCfg = Debug|Any CPU
		{8A41A2F4-52F7-41F6-9970-94514734F119}.Debug|Any CPU.Build.0 = Debug|Any CPU
		{8A41A2F4-52F7-41F6-9970-94514734F119}.Release|Any CPU.ActiveCfg = Release|Any CPU
		{8A41A2F4-52F7-41F6-9970-94514734F119}.Release|Any CPU.Build.0 = Release|Any CPU
		{32969179-5D2F-4FC8-9212-23425BBD00F0}.Debug|Any CPU.ActiveCfg = Debug|Any CPU
		{32969179-5D2F-4FC8-9212-23425BBD00F0}.Debug|Any CPU.Build.0 = Debug|Any CPU
		{32969179-5D2F-4FC8-9212-23425BBD00F0}.Release|Any CPU.ActiveCfg = Release|Any CPU
		{32969179-5D2F-4FC8-9212-23425BBD00F0}.Release|Any CPU.Build.0 = Release|Any CPU
	EndGlobalSection
	GlobalSection(SolutionProperties) = preSolution
		HideSolutionNode = FALSE
	EndGlobalSection
	GlobalSection(ExtensibilityGlobals) = postSolution
		SolutionGuid = {9BD1C027-F373-4A6C-AA19-D2D95DC6230C}
	EndGlobalSection
EndGlobal
